<?xml version="1.0" encoding="utf-8"?>
<Project ToolsVersion="4.0" xmlns="http://schemas.microsoft.com/developer/msbuild/2003">
  <ItemGroup>
    <Filter Include="头文件">
      <UniqueIdentifier>{93995380-89BD-4b04-88EB-625FBE52EBFB}</UniqueIdentifier>
      <Extensions>h;hh;hpp;hxx;hm;inl;inc;xsd</Extensions>
    </Filter>
    <Filter Include="rjc">
      <UniqueIdentifier>{8d20705f-3ccb-40af-8c4d-b7805b2355e5}</UniqueIdentifier>
    </Filter>
    <Filter Include="tbl">
      <UniqueIdentifier>{4FC737F1-C7A5-4376-A066-2A32D752A2FF}</UniqueIdentifier>
      <Extensions>cpp;c;cc;cxx;def;odl;idl;hpj;bat;asm;asmx</Extensions>
    </Filter>
    <Filter Include="split">
      <UniqueIdentifier>{ba1068a8-9474-47b5-8031-33027cef6b62}</UniqueIdentifier>
    </Filter>
  </ItemGroup>
  <ItemGroup>
    <ClInclude Include="stdafx.h">
      <Filter>头文件</Filter>
    </ClInclude>
    <ClInclude Include="targetver.h">
      <Filter>头文件</Filter>
    </ClInclude>
    <ClInclude Include="CMD_Mj.h">
      <Filter>rjc</Filter>
    </ClInclude>
    <ClInclude Include="Define.h">
      <Filter>rjc</Filter>
    </ClInclude>
    <ClInclude Include="DefineHuTip.h">
      <Filter>rjc</Filter>
    </ClInclude>
    <ClInclude Include="HuTipsMJ.h">
      <Filter>rjc</Filter>
    </ClInclude>
    <ClInclude Include="PlayerHuTips.h">
      <Filter>rjc</Filter>
    </ClInclude>
    <ClInclude Include="PlayerHuTips2.h">
      <Filter>rjc</Filter>
    </ClInclude>
    <ClInclude Include="tbl\array_table.h">
      <Filter>tbl</Filter>
    </ClInclude>
    <ClInclude Include="tbl\compress_array_table.h">
      <Filter>tbl</Filter>
    </ClInclude>
    <ClInclude Include="tbl\hash_table.h">
      <Filter>tbl</Filter>
    </ClInclude>
    <ClInclude Include="tbl\hulib.h">
      <Filter>tbl</Filter>
    </ClInclude>
    <ClInclude Include="tbl\set_table.h">
      <Filter>tbl</Filter>
    </ClInclude>
    <ClInclude Include="tbl\table.h">
      <Filter>tbl</Filter>
    </ClInclude>
    <ClInclude Include="tbl\table_mgr.h">
      <Filter>tbl</Filter>
    </ClInclude>
    <ClInclude Include="split\split.h">
      <Filter>split</Filter>
    </ClInclude>
    <ClInclude Include="array_table.h">
      <Filter>tbl</Filter>
    </ClInclude>
    <ClInclude Include="hash_table.h">
      <Filter>tbl</Filter>
    </ClInclude>
    <ClInclude Include="hulib.h">
      <Filter>tbl</Filter>
    </ClInclude>
    <ClInclude Include="set_table.h">
      <Filter>tbl</Filter>
    </ClInclude>
    <ClInclude Include="table.h">
      <Filter>tbl</Filter>
    </ClInclude>
    <ClInclude Include="table_mgr.h">
      <Filter>tbl</Filter>
    </ClInclude>
    <ClInclude Include="tbl\binary_array_table.h">
      <Filter>tbl</Filter>
    </ClInclude>
  </ItemGroup>
  <ItemGroup>
    <ClCompile Include="stdafx.cpp">
      <Filter>tbl</Filter>
    </ClCompile>
    <ClCompile Include="HuTipsMJ.cpp">
      <Filter>rjc</Filter>
    </ClCompile>
    <ClCompile Include="main_hu.cpp">
      <Filter>rjc</Filter>
    </ClCompile>
    <ClCompile Include="PlayerHuTips.cpp">
      <Filter>rjc</Filter>
    </ClCompile>
    <ClCompile Include="tbl\array_table.cpp">
      <Filter>tbl</Filter>
    </ClCompile>
    <ClCompile Include="tbl\compress_array_table.cpp">
      <Filter>tbl</Filter>
    </ClCompile>
    <ClCompile Include="tbl\hash_table.cpp">
      <Filter>tbl</Filter>
    </ClCompile>
    <ClCompile Include="tbl\hulib.cpp">
      <Filter>tbl</Filter>
    </ClCompile>
    <ClCompile Include="tbl\set_table.cpp">
      <Filter>tbl</Filter>
    </ClCompile>
    <ClCompile Include="tbl\table_mgr.cpp">
      <Filter>tbl</Filter>
    </ClCompile>
    <ClCompile Include="test_mjlib.cpp" />
    <ClCompile Include="split\split.cpp">
      <Filter>split</Filter>
    </ClCompile>
    <ClCompile Include="tbl\binary_array_table.cpp">
      <Filter>tbl</Filter>
    </ClCompile>
  </ItemGroup>
</Project>