
Microsoft Visual Studio Solution File, Format Version 12.00
# Visual Studio 15
VisualStudioVersion = 15.0.26228.4
MinimumVisualStudioVersion = 10.0.40219.1
Project("{FAE04EC0-301F-11D3-BF4B-00C04F79EFBC}") = "gen_table", "gen_table\gen_table.csproj", "{E6C5AB62-2E8E-43DA-ACEF-AB156B6F3251}"
EndProject
Project("{FAE04EC0-301F-11D3-BF4B-00C04F79EFBC}") = "gen_feng_table", "gen_feng_table\gen_feng_table.csproj", "{8350448D-29B2-49E9-B14F-978EC7BDF693}"
EndProject
Project("{FAE04EC0-301F-11D3-BF4B-00C04F79EFBC}") = "test_hu", "test_hu\test_hu.csproj", "{2D8B8AB7-889A-48F0-ACEA-0C389F3DFB30}"
EndProject
Global
	GlobalSection(SolutionConfigurationPlatforms) = preSolution
		Debug|Any CPU = Debug|Any CPU
		Release|Any CPU = Release|Any CPU
	EndGlobalSection
	GlobalSection(ProjectConfigurationPlatforms) = postSolution
		{E6C5AB62-2E8E-43DA-ACEF-AB156B6F3251}.Debug|Any CPU.ActiveCfg = Debug|Any CPU
		{E6C5AB62-2E8E-43DA-ACEF-AB156B6F3251}.Debug|Any CPU.Build.0 = Debug|Any CPU
		{E6C5AB62-2E8E-43DA-ACEF-AB156B6F3251}.Release|Any CPU.ActiveCfg = Release|Any CPU
		{E6C5AB62-2E8E-43DA-ACEF-AB156B6F3251}.Release|Any CPU.Build.0 = Release|Any CPU
		{8350448D-29B2-49E9-B14F-978EC7BDF693}.Debug|Any CPU.ActiveCfg = Debug|Any CPU
		{8350448D-29B2-49E9-B14F-978EC7BDF693}.Debug|Any CPU.Build.0 = Debug|Any CPU
		{8350448D-29B2-49E9-B14F-978EC7BDF693}.Release|Any CPU.ActiveCfg = Release|Any CPU
		{8350448D-29B2-49E9-B14F-978EC7BDF693}.Release|Any CPU.Build.0 = Release|Any CPU
		{2D8B8AB7-889A-48F0-ACEA-0C389F3DFB30}.Debug|Any CPU.ActiveCfg = Debug|Any CPU
		{2D8B8AB7-889A-48F0-ACEA-0C389F3DFB30}.Debug|Any CPU.Build.0 = Debug|Any CPU
		{2D8B8AB7-889A-48F0-ACEA-0C389F3DFB30}.Release|Any CPU.ActiveCfg = Release|Any CPU
		{2D8B8AB7-889A-48F0-ACEA-0C389F3DFB30}.Release|Any CPU.Build.0 = Release|Any CPU
	EndGlobalSection
	GlobalSection(SolutionProperties) = preSolution
		HideSolutionNode = FALSE
	EndGlobalSection
EndGlobal
